// !$*UTF8*$!
{
	archiveVersion = 1;
	classes = {
	};
	objectVersion = 50;
	objects = {

/* Begin PBXBuildFile section */
		53A60ABF23BA425A0020DCB4 /* AppDelegate.swift in Sources */ = {isa = PBXBuildFile; fileRef = 53A60ABE23BA425A0020DCB4 /* AppDelegate.swift */; };
		53A60AC123BA425A0020DCB4 /* CompaniesListViewController.swift in Sources */ = {isa = PBXBuildFile; fileRef = 53A60AC023BA425A0020DCB4 /* CompaniesListViewController.swift */; };
		53A60AC423BA425A0020DCB4 /* Main.storyboard in Resources */ = {isa = PBXBuildFile; fileRef = 53A60AC223BA425A0020DCB4 /* Main.storyboard */; };
		53A60AC623BA425D0020DCB4 /* Assets.xcassets in Resources */ = {isa = PBXBuildFile; fileRef = 53A60AC523BA425D0020DCB4 /* Assets.xcassets */; };
		53A60AC923BA425D0020DCB4 /* LaunchScreen.storyboard in Resources */ = {isa = PBXBuildFile; fileRef = 53A60AC723BA425D0020DCB4 /* LaunchScreen.storyboard */; };
		53A60ADB23BA4A710020DCB4 /* ServiceManager.swift in Sources */ = {isa = PBXBuildFile; fileRef = 53A60ADA23BA4A710020DCB4 /* ServiceManager.swift */; };
		53A60ADD23BA4AE10020DCB4 /* Company.swift in Sources */ = {isa = PBXBuildFile; fileRef = 53A60ADC23BA4AE10020DCB4 /* Company.swift */; };
		53A60ADF23BA4B520020DCB4 /* Member.swift in Sources */ = {isa = PBXBuildFile; fileRef = 53A60ADE23BA4B520020DCB4 /* Member.swift */; };
		53A60AE123BA4BE30020DCB4 /* NetworkConstants.swift in Sources */ = {isa = PBXBuildFile; fileRef = 53A60AE023BA4BE30020DCB4 /* NetworkConstants.swift */; };
		53A60AE323BA4DDA0020DCB4 /* Router.swift in Sources */ = {isa = PBXBuildFile; fileRef = 53A60AE223BA4DDA0020DCB4 /* Router.swift */; };
		53A60AE523BA4ED00020DCB4 /* CompaniesListViewModel.swift in Sources */ = {isa = PBXBuildFile; fileRef = 53A60AE423BA4ED00020DCB4 /* CompaniesListViewModel.swift */; };
		53A60AE923BB13B00020DCB4 /* CompanyTableViewCell.swift in Sources */ = {isa = PBXBuildFile; fileRef = 53A60AE823BB13B00020DCB4 /* CompanyTableViewCell.swift */; };
		53A60AEE23BB2BC20020DCB4 /* CompanyDetailController.swift in Sources */ = {isa = PBXBuildFile; fileRef = 53A60AED23BB2BC20020DCB4 /* CompanyDetailController.swift */; };
		53A60AF023BB2BD70020DCB4 /* MemberListController.swift in Sources */ = {isa = PBXBuildFile; fileRef = 53A60AEF23BB2BD70020DCB4 /* MemberListController.swift */; };
		53A60AF223BB2CD10020DCB4 /* CompanyDetailViewModel.swift in Sources */ = {isa = PBXBuildFile; fileRef = 53A60AF123BB2CD10020DCB4 /* CompanyDetailViewModel.swift */; };
/* End PBXBuildFile section */

/* Begin PBXFileReference section */
		53A60ABB23BA425A0020DCB4 /* SpectrumAssignment.app */ = {isa = PBXFileReference; explicitFileType = wrapper.application; includeInIndex = 0; path = SpectrumAssignment.app; sourceTree = BUILT_PRODUCTS_DIR; };
		53A60ABE23BA425A0020DCB4 /* AppDelegate.swift */ = {isa = PBXFileReference; lastKnownFileType = sourcecode.swift; path = AppDelegate.swift; sourceTree = "<group>"; };
		53A60AC023BA425A0020DCB4 /* CompaniesListViewController.swift */ = {isa = PBXFileReference; lastKnownFileType = sourcecode.swift; path = CompaniesListViewController.swift; sourceTree = "<group>"; };
		53A60AC323BA425A0020DCB4 /* Base */ = {isa = PBXFileReference; lastKnownFileType = file.storyboard; name = Base; path = Base.lproj/Main.storyboard; sourceTree = "<group>"; };
		53A60AC523BA425D0020DCB4 /* Assets.xcassets */ = {isa = PBXFileReference; lastKnownFileType = folder.assetcatalog; path = Assets.xcassets; sourceTree = "<group>"; };
		53A60AC823BA425D0020DCB4 /* Base */ = {isa = PBXFileReference; lastKnownFileType = file.storyboard; name = Base; path = Base.lproj/LaunchScreen.storyboard; sourceTree = "<group>"; };
		53A60ACA23BA425D0020DCB4 /* Info.plist */ = {isa = PBXFileReference; lastKnownFileType = text.plist.xml; path = Info.plist; sourceTree = "<group>"; };
		53A60ADA23BA4A710020DCB4 /* ServiceManager.swift */ = {isa = PBXFileReference; fileEncoding = 4; lastKnownFileType = sourcecode.swift; path = ServiceManager.swift; sourceTree = "<group>"; };
		53A60ADC23BA4AE10020DCB4 /* Company.swift */ = {isa = PBXFileReference; fileEncoding = 4; lastKnownFileType = sourcecode.swift; path = Company.swift; sourceTree = "<group>"; };
		53A60ADE23BA4B520020DCB4 /* Member.swift */ = {isa = PBXFileReference; lastKnownFileType = sourcecode.swift; path = Member.swift; sourceTree = "<group>"; };
		53A60AE023BA4BE30020DCB4 /* NetworkConstants.swift */ = {isa = PBXFileReference; lastKnownFileType = sourcecode.swift; path = NetworkConstants.swift; sourceTree = "<group>"; };
		53A60AE223BA4DDA0020DCB4 /* Router.swift */ = {isa = PBXFileReference; lastKnownFileType = sourcecode.swift; path = Router.swift; sourceTree = "<group>"; };
		53A60AE423BA4ED00020DCB4 /* CompaniesListViewModel.swift */ = {isa = PBXFileReference; lastKnownFileType = sourcecode.swift; path = CompaniesListViewModel.swift; sourceTree = "<group>"; };
		53A60AE823BB13B00020DCB4 /* CompanyTableViewCell.swift */ = {isa = PBXFileReference; lastKnownFileType = sourcecode.swift; path = CompanyTableViewCell.swift; sourceTree = "<group>"; };
		53A60AED23BB2BC20020DCB4 /* CompanyDetailController.swift */ = {isa = PBXFileReference; lastKnownFileType = sourcecode.swift; path = CompanyDetailController.swift; sourceTree = "<group>"; };
		53A60AEF23BB2BD70020DCB4 /* MemberListController.swift */ = {isa = PBXFileReference; lastKnownFileType = sourcecode.swift; path = MemberListController.swift; sourceTree = "<group>"; };
		53A60AF123BB2CD10020DCB4 /* CompanyDetailViewModel.swift */ = {isa = PBXFileReference; lastKnownFileType = sourcecode.swift; path = CompanyDetailViewModel.swift; sourceTree = "<group>"; };
/* End PBXFileReference section */

/* Begin PBXFrameworksBuildPhase section */
		53A60AB823BA425A0020DCB4 /* Frameworks */ = {
			isa = PBXFrameworksBuildPhase;
			buildActionMask = 2147483647;
			files = (
			);
			runOnlyForDeploymentPostprocessing = 0;
		};
/* End PBXFrameworksBuildPhase section */

/* Begin PBXGroup section */
		53A60AB223BA425A0020DCB4 = {
			isa = PBXGroup;
			children = (
				53A60ABD23BA425A0020DCB4 /* SpectrumAssignment */,
				53A60ABC23BA425A0020DCB4 /* Products */,
			);
			sourceTree = "<group>";
		};
		53A60ABC23BA425A0020DCB4 /* Products */ = {
			isa = PBXGroup;
			children = (
				53A60ABB23BA425A0020DCB4 /* SpectrumAssignment.app */,
			);
			name = Products;
			sourceTree = "<group>";
		};
		53A60ABD23BA425A0020DCB4 /* SpectrumAssignment */ = {
			isa = PBXGroup;
			children = (
				53A60ABE23BA425A0020DCB4 /* AppDelegate.swift */,
				53A60AE223BA4DDA0020DCB4 /* Router.swift */,
				53A60AD723BA465B0020DCB4 /* ViewModels */,
				53A60AD623BA46570020DCB4 /* ViewControllers */,
				53A60AD523BA46550020DCB4 /* Views */,
				53A60AD423BA46520020DCB4 /* Constants */,
				53A60AD323BA464F0020DCB4 /* Models */,
				53A60AD223BA464A0020DCB4 /* Utilities */,
				53A60AD123BA46460020DCB4 /* CustomLibraries */,
				53A60AD023BA46350020DCB4 /* StoryBoards */,
				53A60AC523BA425D0020DCB4 /* Assets.xcassets */,
				53A60ACA23BA425D0020DCB4 /* Info.plist */,
			);
			path = SpectrumAssignment;
			sourceTree = "<group>";
		};
		53A60AD023BA46350020DCB4 /* StoryBoards */ = {
			isa = PBXGroup;
			children = (
				53A60AC223BA425A0020DCB4 /* Main.storyboard */,
				53A60AC723BA425D0020DCB4 /* LaunchScreen.storyboard */,
			);
			path = StoryBoards;
			sourceTree = "<group>";
		};
		53A60AD123BA46460020DCB4 /* CustomLibraries */ = {
			isa = PBXGroup;
			children = (
				53A60AD923BA4A710020DCB4 /* Service Manager  */,
			);
			path = CustomLibraries;
			sourceTree = "<group>";
		};
		53A60AD223BA464A0020DCB4 /* Utilities */ = {
			isa = PBXGroup;
			children = (
			);
			path = Utilities;
			sourceTree = "<group>";
		};
		53A60AD323BA464F0020DCB4 /* Models */ = {
			isa = PBXGroup;
			children = (
				53A60ADC23BA4AE10020DCB4 /* Company.swift */,
				53A60ADE23BA4B520020DCB4 /* Member.swift */,
			);
			path = Models;
			sourceTree = "<group>";
		};
		53A60AD423BA46520020DCB4 /* Constants */ = {
			isa = PBXGroup;
			children = (
				53A60AE023BA4BE30020DCB4 /* NetworkConstants.swift */,
			);
			path = Constants;
			sourceTree = "<group>";
		};
		53A60AD523BA46550020DCB4 /* Views */ = {
			isa = PBXGroup;
			children = (
				53A60AE823BB13B00020DCB4 /* CompanyTableViewCell.swift */,
			);
			path = Views;
			sourceTree = "<group>";
		};
		53A60AD623BA46570020DCB4 /* ViewControllers */ = {
			isa = PBXGroup;
			children = (
				53A60AC023BA425A0020DCB4 /* CompaniesListViewController.swift */,
				53A60AED23BB2BC20020DCB4 /* CompanyDetailController.swift */,
				53A60AEF23BB2BD70020DCB4 /* MemberListController.swift */,
			);
			path = ViewControllers;
			sourceTree = "<group>";
		};
		53A60AD723BA465B0020DCB4 /* ViewModels */ = {
			isa = PBXGroup;
			children = (
				53A60AE423BA4ED00020DCB4 /* CompaniesListViewModel.swift */,
				53A60AF123BB2CD10020DCB4 /* CompanyDetailViewModel.swift */,
			);
			path = ViewModels;
			sourceTree = "<group>";
		};
		53A60AD923BA4A710020DCB4 /* Service Manager  */ = {
			isa = PBXGroup;
			children = (
				53A60ADA23BA4A710020DCB4 /* ServiceManager.swift */,
			);
			path = "Service Manager ";
			sourceTree = "<group>";
		};
/* End PBXGroup section */

/* Begin PBXNativeTarget section */
		53A60ABA23BA425A0020DCB4 /* SpectrumAssignment */ = {
			isa = PBXNativeTarget;
			buildConfigurationList = 53A60ACD23BA425D0020DCB4 /* Build configuration list for PBXNativeTarget "SpectrumAssignment" */;
			buildPhases = (
				53A60AB723BA425A0020DCB4 /* Sources */,
				53A60AB823BA425A0020DCB4 /* Frameworks */,
				53A60AB923BA425A0020DCB4 /* Resources */,
			);
			buildRules = (
			);
			dependencies = (
			);
			name = SpectrumAssignment;
			productName = SpectrumAssignment;
			productReference = 53A60ABB23BA425A0020DCB4 /* SpectrumAssignment.app */;
			productType = "com.apple.product-type.application";
		};
/* End PBXNativeTarget section */

/* Begin PBXProject section */
		53A60AB323BA425A0020DCB4 /* Project object */ = {
			isa = PBXProject;
			attributes = {
				LastSwiftUpdateCheck = 1010;
				LastUpgradeCheck = 1010;
				ORGANIZATIONNAME = "Alladi Satya Chandra Bharathi";
				TargetAttributes = {
					53A60ABA23BA425A0020DCB4 = {
						CreatedOnToolsVersion = 10.1;
					};
				};
			};
			buildConfigurationList = 53A60AB623BA425A0020DCB4 /* Build configuration list for PBXProject "SpectrumAssignment" */;
			compatibilityVersion = "Xcode 9.3";
			developmentRegion = en;
			hasScannedForEncodings = 0;
			knownRegions = (
				en,
				Base,
			);
			mainGroup = 53A60AB223BA425A0020DCB4;
			productRefGroup = 53A60ABC23BA425A0020DCB4 /* Products */;
			projectDirPath = "";
			projectRoot = "";
			targets = (
				53A60ABA23BA425A0020DCB4 /* SpectrumAssignment */,
			);
		};
/* End PBXProject section */

/* Begin PBXResourcesBuildPhase section */
		53A60AB923BA425A0020DCB4 /* Resources */ = {
			isa = PBXResourcesBuildPhase;
			buildActionMask = 2147483647;
			files = (
				53A60AC923BA425D0020DCB4 /* LaunchScreen.storyboard in Resources */,
				53A60AC623BA425D0020DCB4 /* Assets.xcassets in Resources */,
				53A60AC423BA425A0020DCB4 /* Main.storyboard in Resources */,
			);
			runOnlyForDeploymentPostprocessing = 0;
		};
/* End PBXResourcesBuildPhase section */

/* Begin PBXSourcesBuildPhase section */
		53A60AB723BA425A0020DCB4 /* Sources */ = {
			isa = PBXSourcesBuildPhase;
			buildActionMask = 2147483647;
			files = (
				53A60AE123BA4BE30020DCB4 /* NetworkConstants.swift in Sources */,
				53A60AC123BA425A0020DCB4 /* CompaniesListViewController.swift in Sources */,
				53A60ABF23BA425A0020DCB4 /* AppDelegate.swift in Sources */,
				53A60AE923BB13B00020DCB4 /* CompanyTableViewCell.swift in Sources */,
				53A60AF023BB2BD70020DCB4 /* MemberListController.swift in Sources */,
				53A60AE323BA4DDA0020DCB4 /* Router.swift in Sources */,
				53A60ADB23BA4A710020DCB4 /* ServiceManager.swift in Sources */,
				53A60ADD23BA4AE10020DCB4 /* Company.swift in Sources */,
				53A60AEE23BB2BC20020DCB4 /* CompanyDetailController.swift in Sources */,
				53A60AF223BB2CD10020DCB4 /* CompanyDetailViewModel.swift in Sources */,
				53A60AE523BA4ED00020DCB4 /* CompaniesListViewModel.swift in Sources */,
				53A60ADF23BA4B520020DCB4 /* Member.swift in Sources */,
			);
			runOnlyForDeploymentPostprocessing = 0;
		};
/* End PBXSourcesBuildPhase section */

/* Begin PBXVariantGroup section */
		53A60AC223BA425A0020DCB4 /* Main.storyboard */ = {
			isa = PBXVariantGroup;
			children = (
				53A60AC323BA425A0020DCB4 /* Base */,
			);
			name = Main.storyboard;
			sourceTree = "<group>";
		};
		53A60AC723BA425D0020DCB4 /* LaunchScreen.storyboard */ = {
			isa = PBXVariantGroup;
			children = (
				53A60AC823BA425D0020DCB4 /* Base */,
			);
			name = LaunchScreen.storyboard;
			sourceTree = "<group>";
		};
/* End PBXVariantGroup section */

/* Begin XCBuildConfiguration section */
		53A60ACB23BA425D0020DCB4 /* Debug */ = {
			isa = XCBuildConfiguration;
			buildSettings = {
				ALWAYS_SEARCH_USER_PATHS = NO;
				CLANG_ANALYZER_NONNULL = YES;
				CLANG_ANALYZER_NUMBER_OBJECT_CONVERSION = YES_AGGRESSIVE;
				CLANG_CXX_LANGUAGE_STANDARD = "gnu++14";
				CLANG_CXX_LIBRARY = "libc++";
				CLANG_ENABLE_MODULES = YES;
				CLANG_ENABLE_OBJC_ARC = YES;
				CLANG_ENABLE_OBJC_WEAK = YES;
				CLANG_WARN_BLOCK_CAPTURE_AUTORELEASING = YES;
				CLANG_WARN_BOOL_CONVERSION = YES;
				CLANG_WARN_COMMA = YES;
				CLANG_WARN_CONSTANT_CONVERSION = YES;
				CLANG_WARN_DEPRECATED_OBJC_IMPLEMENTATIONS = YES;
				CLANG_WARN_DIRECT_OBJC_ISA_USAGE = YES_ERROR;
				CLANG_WARN_DOCUMENTATION_COMMENTS = YES;
				CLANG_WARN_EMPTY_BODY = YES;
				CLANG_WARN_ENUM_CONVERSION = YES;
				CLANG_WARN_INFINITE_RECURSION = YES;
				CLANG_WARN_INT_CONVERSION = YES;
				CLANG_WARN_NON_LITERAL_NULL_CONVERSION = YES;
				CLANG_WARN_OBJC_IMPLICIT_RETAIN_SELF = YES;
				CLANG_WARN_OBJC_LITERAL_CONVERSION = YES;
				CLANG_WARN_OBJC_ROOT_CLASS = YES_ERROR;
				CLANG_WARN_RANGE_LOOP_ANALYSIS = YES;
				CLANG_WARN_STRICT_PROTOTYPES = YES;
				CLANG_WARN_SUSPICIOUS_MOVE = YES;
				CLANG_WARN_UNGUARDED_AVAILABILITY = YES_AGGRESSIVE;
				CLANG_WARN_UNREACHABLE_CODE = YES;
				CLANG_WARN__DUPLICATE_METHOD_MATCH = YES;
				CODE_SIGN_IDENTITY = "iPhone Developer";
				COPY_PHASE_STRIP = NO;
				DEBUG_INFORMATION_FORMAT = dwarf;
				ENABLE_STRICT_OBJC_MSGSEND = YES;
				ENABLE_TESTABILITY = YES;
				GCC_C_LANGUAGE_STANDARD = gnu11;
				GCC_DYNAMIC_NO_PIC = NO;
				GCC_NO_COMMON_BLOCKS = YES;
				GCC_OPTIMIZATION_LEVEL = 0;
				GCC_PREPROCESSOR_DEFINITIONS = (
					"DEBUG=1",
					"$(inherited)",
				);
				GCC_WARN_64_TO_32_BIT_CONVERSION = YES;
				GCC_WARN_ABOUT_RETURN_TYPE = YES_ERROR;
				GCC_WARN_UNDECLARED_SELECTOR = YES;
				GCC_WARN_UNINITIALIZED_AUTOS = YES_AGGRESSIVE;
				GCC_WARN_UNUSED_FUNCTION = YES;
				GCC_WARN_UNUSED_VARIABLE = YES;
				IPHONEOS_DEPLOYMENT_TARGET = 12.1;
				MTL_ENABLE_DEBUG_INFO = INCLUDE_SOURCE;
				MTL_FAST_MATH = YES;
				ONLY_ACTIVE_ARCH = YES;
				SDKROOT = iphoneos;
				SWIFT_ACTIVE_COMPILATION_CONDITIONS = DEBUG;
				SWIFT_OPTIMIZATION_LEVEL = "-Onone";
			};
			name = Debug;
		};
		53A60ACC23BA425D0020DCB4 /* Release */ = {
			isa = XCBuildConfiguration;
			buildSettings = {
				ALWAYS_SEARCH_USER_PATHS = NO;
				CLANG_ANALYZER_NONNULL = YES;
				CLANG_ANALYZER_NUMBER_OBJECT_CONVERSION = YES_AGGRESSIVE;
				CLANG_CXX_LANGUAGE_STANDARD = "gnu++14";
				CLANG_CXX_LIBRARY = "libc++";
				CLANG_ENABLE_MODULES = YES;
				CLANG_ENABLE_OBJC_ARC = YES;
				CLANG_ENABLE_OBJC_WEAK = YES;
				CLANG_WARN_BLOCK_CAPTURE_AUTORELEASING = YES;
				CLANG_WARN_BOOL_CONVERSION = YES;
				CLANG_WARN_COMMA = YES;
				CLANG_WARN_CONSTANT_CONVERSION = YES;
				CLANG_WARN_DEPRECATED_OBJC_IMPLEMENTATIONS = YES;
				CLANG_WARN_DIRECT_OBJC_ISA_USAGE = YES_ERROR;
				CLANG_WARN_DOCUMENTATION_COMMENTS = YES;
				CLANG_WARN_EMPTY_BODY = YES;
				CLANG_WARN_ENUM_CONVERSION = YES;
				CLANG_WARN_INFINITE_RECURSION = YES;
				CLANG_WARN_INT_CONVERSION = YES;
				CLANG_WARN_NON_LITERAL_NULL_CONVERSION = YES;
				CLANG_WARN_OBJC_IMPLICIT_RETAIN_SELF = YES;
				CLANG_WARN_OBJC_LITERAL_CONVERSION = YES;
				CLANG_WARN_OBJC_ROOT_CLASS = YES_ERROR;
				CLANG_WARN_RANGE_LOOP_ANALYSIS = YES;
				CLANG_WARN_STRICT_PROTOTYPES = YES;
				CLANG_WARN_SUSPICIOUS_MOVE = YES;
				CLANG_WARN_UNGUARDED_AVAILABILITY = YES_AGGRESSIVE;
				CLANG_WARN_UNREACHABLE_CODE = YES;
				CLANG_WARN__DUPLICATE_METHOD_MATCH = YES;
				CODE_SIGN_IDENTITY = "iPhone Developer";
				COPY_PHASE_STRIP = NO;
				DEBUG_INFORMATION_FORMAT = "dwarf-with-dsym";
				ENABLE_NS_ASSERTIONS = NO;
				ENABLE_STRICT_OBJC_MSGSEND = YES;
				GCC_C_LANGUAGE_STANDARD = gnu11;
				GCC_NO_COMMON_BLOCKS = YES;
				GCC_WARN_64_TO_32_BIT_CONVERSION = YES;
				GCC_WARN_ABOUT_RETURN_TYPE = YES_ERROR;
				GCC_WARN_UNDECLARED_SELECTOR = YES;
				GCC_WARN_UNINITIALIZED_AUTOS = YES_AGGRESSIVE;
				GCC_WARN_UNUSED_FUNCTION = YES;
				GCC_WARN_UNUSED_VARIABLE = YES;
				IPHONEOS_DEPLOYMENT_TARGET = 12.1;
				MTL_ENABLE_DEBUG_INFO = NO;
				MTL_FAST_MATH = YES;
				SDKROOT = iphoneos;
				SWIFT_COMPILATION_MODE = wholemodule;
				SWIFT_OPTIMIZATION_LEVEL = "-O";
				VALIDATE_PRODUCT = YES;
			};
			name = Release;
		};
		53A60ACE23BA425D0020DCB4 /* Debug */ = {
			isa = XCBuildConfiguration;
			buildSettings = {
				ASSETCATALOG_COMPILER_APPICON_NAME = AppIcon;
				CODE_SIGN_STYLE = Automatic;
				INFOPLIST_FILE = SpectrumAssignment/Info.plist;
				LD_RUNPATH_SEARCH_PATHS = (
					"$(inherited)",
					"@executable_path/Frameworks",
				);
				PRODUCT_BUNDLE_IDENTIFIER = com.satya.SpectrumAssignment;
				PRODUCT_NAME = "$(TARGET_NAME)";
				SWIFT_VERSION = 4.2;
				TARGETED_DEVICE_FAMILY = "1,2";
			};
			name = Debug;
		};
		53A60ACF23BA425D0020DCB4 /* Release */ = {
			isa = XCBuildConfiguration;
			buildSettings = {
				ASSETCATALOG_COMPILER_APPICON_NAME = AppIcon;
				CODE_SIGN_STYLE = Automatic;
				INFOPLIST_FILE = SpectrumAssignment/Info.plist;
				LD_RUNPATH_SEARCH_PATHS = (
					"$(inherited)",
					"@executable_path/Frameworks",
				);
				PRODUCT_BUNDLE_IDENTIFIER = com.satya.SpectrumAssignment;
				PRODUCT_NAME = "$(TARGET_NAME)";
				SWIFT_VERSION = 4.2;
				TARGETED_DEVICE_FAMILY = "1,2";
			};
			name = Release;
		};
/* End XCBuildConfiguration section */

/* Begin XCConfigurationList section */
		53A60AB623BA425A0020DCB4 /* Build configuration list for PBXProject "SpectrumAssignment" */ = {
			isa = XCConfigurationList;
			buildConfigurations = (
				53A60ACB23BA425D0020DCB4 /* Debug */,
				53A60ACC23BA425D0020DCB4 /* Release */,
			);
			defaultConfigurationIsVisible = 0;
			defaultConfigurationName = Release;
		};
		53A60ACD23BA425D0020DCB4 /* Build configuration list for PBXNativeTarget "SpectrumAssignment" */ = {
			isa = XCConfigurationList;
			buildConfigurations = (
				53A60ACE23BA425D0020DCB4 /* Debug */,
				53A60ACF23BA425D0020DCB4 /* Release */,
			);
			defaultConfigurationIsVisible = 0;
			defaultConfigurationName = Release;
		};
/* End XCConfigurationList section */
	};
	rootObject = 53A60AB323BA425A0020DCB4 /* Project object */;
}
